
Microsoft Visual Studio Solution File, Format Version 12.00
# Visual Studio Version 17
VisualStudioVersion = 17.5.2.0
MinimumVisualStudioVersion = 10.0.40219.1
Project("{2150E333-8FDC-42A3-9474-1A3956D46DE8}") = "src", "src", "{827E0CD3-B72D-47B6-A68D-7590B98EB39B}"
EndProject
Project("{FAE04EC0-301F-11D3-BF4B-00C04F79EFBC}") = "ApiGlobal", "src\ApiGlobal\ApiGlobal.csproj", "{4A42B047-E70C-117D-7040-84D9485A68C9}"
EndProject
Project("{FAE04EC0-301F-11D3-BF4B-00C04F79EFBC}") = "AddMember", "microservicios\AddMember\AddMember.csproj", "{D82743C0-4E43-41C9-8FB1-2A49C49A50B7}"
EndProject
Project("{FAE04EC0-301F-11D3-BF4B-00C04F79EFBC}") = "PickAge", "microservicios\PickAge\PickAge.csproj", "{FAD3403D-6844-465C-B2BB-F07A64B0FC22}"
EndProject
Project("{FAE04EC0-301F-11D3-BF4B-00C04F79EFBC}") = "AddAdult", "microservicios\AddAdult\AddAdult.csproj", "{42CD984E-D3B6-450F-9D7A-8CF95DF19B88}"
EndProject
Project("{FAE04EC0-301F-11D3-BF4B-00C04F79EFBC}") = "GetAdults", "microservicios\GetAdults\GetAdults.csproj", "{F6F0DF36-2E12-4CE9-AB15-222BFCD2D192}"
EndProject
Project("{FAE04EC0-301F-11D3-BF4B-00C04F79EFBC}") = "AddChild", "microservicios\AddChild\AddChild.csproj", "{F2C937C4-FEC1-42A2-9ABC-1C6F1FF06B98}"
EndProject
Project("{FAE04EC0-301F-11D3-BF4B-00C04F79EFBC}") = "GetAdultById", "microservicios\GetAdultById\GetAdultById.csproj", "{455E13D3-7B91-4752-85C0-8027E1065504}"
EndProject
Global
	GlobalSection(SolutionConfigurationPlatforms) = preSolution
		Debug|Any CPU = Debug|Any CPU
		Debug|x64 = Debug|x64
		Debug|x86 = Debug|x86
		Release|Any CPU = Release|Any CPU
		Release|x64 = Release|x64
		Release|x86 = Release|x86
	EndGlobalSection
	GlobalSection(ProjectConfigurationPlatforms) = postSolution
		{4A42B047-E70C-117D-7040-84D9485A68C9}.Debug|Any CPU.ActiveCfg = Debug|Any CPU
		{4A42B047-E70C-117D-7040-84D9485A68C9}.Debug|Any CPU.Build.0 = Debug|Any CPU
		{4A42B047-E70C-117D-7040-84D9485A68C9}.Debug|x64.ActiveCfg = Debug|Any CPU
		{4A42B047-E70C-117D-7040-84D9485A68C9}.Debug|x64.Build.0 = Debug|Any CPU
		{4A42B047-E70C-117D-7040-84D9485A68C9}.Debug|x86.ActiveCfg = Debug|Any CPU
		{4A42B047-E70C-117D-7040-84D9485A68C9}.Debug|x86.Build.0 = Debug|Any CPU
		{4A42B047-E70C-117D-7040-84D9485A68C9}.Release|Any CPU.ActiveCfg = Release|Any CPU
		{4A42B047-E70C-117D-7040-84D9485A68C9}.Release|Any CPU.Build.0 = Release|Any CPU
		{4A42B047-E70C-117D-7040-84D9485A68C9}.Release|x64.ActiveCfg = Release|Any CPU
		{4A42B047-E70C-117D-7040-84D9485A68C9}.Release|x64.Build.0 = Release|Any CPU
		{4A42B047-E70C-117D-7040-84D9485A68C9}.Release|x86.ActiveCfg = Release|Any CPU
		{4A42B047-E70C-117D-7040-84D9485A68C9}.Release|x86.Build.0 = Release|Any CPU
		{D82743C0-4E43-41C9-8FB1-2A49C49A50B7}.Debug|Any CPU.ActiveCfg = Debug|Any CPU
		{D82743C0-4E43-41C9-8FB1-2A49C49A50B7}.Debug|Any CPU.Build.0 = Debug|Any CPU
		{D82743C0-4E43-41C9-8FB1-2A49C49A50B7}.Debug|x64.ActiveCfg = Debug|Any CPU
		{D82743C0-4E43-41C9-8FB1-2A49C49A50B7}.Debug|x64.Build.0 = Debug|Any CPU
		{D82743C0-4E43-41C9-8FB1-2A49C49A50B7}.Debug|x86.ActiveCfg = Debug|Any CPU
		{D82743C0-4E43-41C9-8FB1-2A49C49A50B7}.Debug|x86.Build.0 = Debug|Any CPU
		{D82743C0-4E43-41C9-8FB1-2A49C49A50B7}.Release|Any CPU.ActiveCfg = Release|Any CPU
		{D82743C0-4E43-41C9-8FB1-2A49C49A50B7}.Release|Any CPU.Build.0 = Release|Any CPU
		{D82743C0-4E43-41C9-8FB1-2A49C49A50B7}.Release|x64.ActiveCfg = Release|Any CPU
		{D82743C0-4E43-41C9-8FB1-2A49C49A50B7}.Release|x64.Build.0 = Release|Any CPU
		{D82743C0-4E43-41C9-8FB1-2A49C49A50B7}.Release|x86.ActiveCfg = Release|Any CPU
		{D82743C0-4E43-41C9-8FB1-2A49C49A50B7}.Release|x86.Build.0 = Release|Any CPU
		{FAD3403D-6844-465C-B2BB-F07A64B0FC22}.Debug|Any CPU.ActiveCfg = Debug|Any CPU
		{FAD3403D-6844-465C-B2BB-F07A64B0FC22}.Debug|Any CPU.Build.0 = Debug|Any CPU
		{FAD3403D-6844-465C-B2BB-F07A64B0FC22}.Debug|x64.ActiveCfg = Debug|Any CPU
		{FAD3403D-6844-465C-B2BB-F07A64B0FC22}.Debug|x64.Build.0 = Debug|Any CPU
		{FAD3403D-6844-465C-B2BB-F07A64B0FC22}.Debug|x86.ActiveCfg = Debug|Any CPU
		{FAD3403D-6844-465C-B2BB-F07A64B0FC22}.Debug|x86.Build.0 = Debug|Any CPU
		{FAD3403D-6844-465C-B2BB-F07A64B0FC22}.Release|Any CPU.ActiveCfg = Release|Any CPU
		{FAD3403D-6844-465C-B2BB-F07A64B0FC22}.Release|Any CPU.Build.0 = Release|Any CPU
		{FAD3403D-6844-465C-B2BB-F07A64B0FC22}.Release|x64.ActiveCfg = Release|Any CPU
		{FAD3403D-6844-465C-B2BB-F07A64B0FC22}.Release|x64.Build.0 = Release|Any CPU
		{FAD3403D-6844-465C-B2BB-F07A64B0FC22}.Release|x86.ActiveCfg = Release|Any CPU
		{FAD3403D-6844-465C-B2BB-F07A64B0FC22}.Release|x86.Build.0 = Release|Any CPU
		{42CD984E-D3B6-450F-9D7A-8CF95DF19B88}.Debug|Any CPU.ActiveCfg = Debug|Any CPU
		{42CD984E-D3B6-450F-9D7A-8CF95DF19B88}.Debug|Any CPU.Build.0 = Debug|Any CPU
		{42CD984E-D3B6-450F-9D7A-8CF95DF19B88}.Debug|x64.ActiveCfg = Debug|Any CPU
		{42CD984E-D3B6-450F-9D7A-8CF95DF19B88}.Debug|x64.Build.0 = Debug|Any CPU
		{42CD984E-D3B6-450F-9D7A-8CF95DF19B88}.Debug|x86.ActiveCfg = Debug|Any CPU
		{42CD984E-D3B6-450F-9D7A-8CF95DF19B88}.Debug|x86.Build.0 = Debug|Any CPU
		{42CD984E-D3B6-450F-9D7A-8CF95DF19B88}.Release|Any CPU.ActiveCfg = Release|Any CPU
		{42CD984E-D3B6-450F-9D7A-8CF95DF19B88}.Release|Any CPU.Build.0 = Release|Any CPU
		{42CD984E-D3B6-450F-9D7A-8CF95DF19B88}.Release|x64.ActiveCfg = Release|Any CPU
		{42CD984E-D3B6-450F-9D7A-8CF95DF19B88}.Release|x64.Build.0 = Release|Any CPU
		{42CD984E-D3B6-450F-9D7A-8CF95DF19B88}.Release|x86.ActiveCfg = Release|Any CPU
		{42CD984E-D3B6-450F-9D7A-8CF95DF19B88}.Release|x86.Build.0 = Release|Any CPU
		{F6F0DF36-2E12-4CE9-AB15-222BFCD2D192}.Debug|Any CPU.ActiveCfg = Debug|Any CPU
		{F6F0DF36-2E12-4CE9-AB15-222BFCD2D192}.Debug|Any CPU.Build.0 = Debug|Any CPU
		{F6F0DF36-2E12-4CE9-AB15-222BFCD2D192}.Debug|x64.ActiveCfg = Debug|Any CPU
		{F6F0DF36-2E12-4CE9-AB15-222BFCD2D192}.Debug|x64.Build.0 = Debug|Any CPU
		{F6F0DF36-2E12-4CE9-AB15-222BFCD2D192}.Debug|x86.ActiveCfg = Debug|Any CPU
		{F6F0DF36-2E12-4CE9-AB15-222BFCD2D192}.Debug|x86.Build.0 = Debug|Any CPU
		{F6F0DF36-2E12-4CE9-AB15-222BFCD2D192}.Release|Any CPU.ActiveCfg = Release|Any CPU
		{F6F0DF36-2E12-4CE9-AB15-222BFCD2D192}.Release|Any CPU.Build.0 = Release|Any CPU
		{F6F0DF36-2E12-4CE9-AB15-222BFCD2D192}.Release|x64.ActiveCfg = Release|Any CPU
		{F6F0DF36-2E12-4CE9-AB15-222BFCD2D192}.Release|x64.Build.0 = Release|Any CPU
		{F6F0DF36-2E12-4CE9-AB15-222BFCD2D192}.Release|x86.ActiveCfg = Release|Any CPU
		{F6F0DF36-2E12-4CE9-AB15-222BFCD2D192}.Release|x86.Build.0 = Release|Any CPU
		{F2C937C4-FEC1-42A2-9ABC-1C6F1FF06B98}.Debug|Any CPU.ActiveCfg = Debug|Any CPU
		{F2C937C4-FEC1-42A2-9ABC-1C6F1FF06B98}.Debug|Any CPU.Build.0 = Debug|Any CPU
		{F2C937C4-FEC1-42A2-9ABC-1C6F1FF06B98}.Debug|x64.ActiveCfg = Debug|Any CPU
		{F2C937C4-FEC1-42A2-9ABC-1C6F1FF06B98}.Debug|x64.Build.0 = Debug|Any CPU
		{F2C937C4-FEC1-42A2-9ABC-1C6F1FF06B98}.Debug|x86.ActiveCfg = Debug|Any CPU
		{F2C937C4-FEC1-42A2-9ABC-1C6F1FF06B98}.Debug|x86.Build.0 = Debug|Any CPU
		{F2C937C4-FEC1-42A2-9ABC-1C6F1FF06B98}.Release|Any CPU.ActiveCfg = Release|Any CPU
		{F2C937C4-FEC1-42A2-9ABC-1C6F1FF06B98}.Release|Any CPU.Build.0 = Release|Any CPU
		{F2C937C4-FEC1-42A2-9ABC-1C6F1FF06B98}.Release|x64.ActiveCfg = Release|Any CPU
		{F2C937C4-FEC1-42A2-9ABC-1C6F1FF06B98}.Release|x64.Build.0 = Release|Any CPU
		{F2C937C4-FEC1-42A2-9ABC-1C6F1FF06B98}.Release|x86.ActiveCfg = Release|Any CPU
		{F2C937C4-FEC1-42A2-9ABC-1C6F1FF06B98}.Release|x86.Build.0 = Release|Any CPU
		{455E13D3-7B91-4752-85C0-8027E1065504}.Debug|Any CPU.ActiveCfg = Debug|Any CPU
		{455E13D3-7B91-4752-85C0-8027E1065504}.Debug|Any CPU.Build.0 = Debug|Any CPU
		{455E13D3-7B91-4752-85C0-8027E1065504}.Debug|x64.ActiveCfg = Debug|Any CPU
		{455E13D3-7B91-4752-85C0-8027E1065504}.Debug|x64.Build.0 = Debug|Any CPU
		{455E13D3-7B91-4752-85C0-8027E1065504}.Debug|x86.ActiveCfg = Debug|Any CPU
		{455E13D3-7B91-4752-85C0-8027E1065504}.Debug|x86.Build.0 = Debug|Any CPU
		{455E13D3-7B91-4752-85C0-8027E1065504}.Release|Any CPU.ActiveCfg = Release|Any CPU
		{455E13D3-7B91-4752-85C0-8027E1065504}.Release|Any CPU.Build.0 = Release|Any CPU
		{455E13D3-7B91-4752-85C0-8027E1065504}.Release|x64.ActiveCfg = Release|Any CPU
		{455E13D3-7B91-4752-85C0-8027E1065504}.Release|x64.Build.0 = Release|Any CPU
		{455E13D3-7B91-4752-85C0-8027E1065504}.Release|x86.ActiveCfg = Release|Any CPU
		{455E13D3-7B91-4752-85C0-8027E1065504}.Release|x86.Build.0 = Release|Any CPU
	EndGlobalSection
	GlobalSection(SolutionProperties) = preSolution
		HideSolutionNode = FALSE
	EndGlobalSection
	GlobalSection(NestedProjects) = preSolution
		{4A42B047-E70C-117D-7040-84D9485A68C9} = {827E0CD3-B72D-47B6-A68D-7590B98EB39B}
		{D82743C0-4E43-41C9-8FB1-2A49C49A50B7} = {827E0CD3-B72D-47B6-A68D-7590B98EB39B}
		{FAD3403D-6844-465C-B2BB-F07A64B0FC22} = {827E0CD3-B72D-47B6-A68D-7590B98EB39B}
		{42CD984E-D3B6-450F-9D7A-8CF95DF19B88} = {827E0CD3-B72D-47B6-A68D-7590B98EB39B}
		{F6F0DF36-2E12-4CE9-AB15-222BFCD2D192} = {827E0CD3-B72D-47B6-A68D-7590B98EB39B}
		{F2C937C4-FEC1-42A2-9ABC-1C6F1FF06B98} = {827E0CD3-B72D-47B6-A68D-7590B98EB39B}
		{455E13D3-7B91-4752-85C0-8027E1065504} = {827E0CD3-B72D-47B6-A68D-7590B98EB39B}
	EndGlobalSection
	GlobalSection(ExtensibilityGlobals) = postSolution
		SolutionGuid = {F898EAB6-52CF-481A-B207-452DF08FFAF6}
	EndGlobalSection
EndGlobal
